
Microsoft Visual Studio Solution File, Format Version 12.00
# Visual Studio Version 17
VisualStudioVersion = 17.10.34928.147
MinimumVisualStudioVersion = 10.0.40219.1
Project("{FAE04EC0-301F-11D3-BF4B-00C04F79EFBC}") = "High CPU", "High CPU.csproj", "{A8227BBB-4880-40BB-A8FD-C5F7235A6853}"
EndProject
Global
	GlobalSection(SolutionConfigurationPlatforms) = preSolution
		Debug|Any CPU = Debug|Any CPU
		Release|Any CPU = Release|Any CPU
	EndGlobalSection
	GlobalSection(ProjectConfigurationPlatforms) = postSolution
		{A8227BBB-4880-40BB-A8FD-C5F7235A6853}.Debug|Any CPU.ActiveCfg = Debug|Any CPU
		{A8227BBB-4880-40BB-A8FD-C5F7235A6853}.Debug|Any CPU.Build.0 = Debug|Any CPU
		{A8227BBB-4880-40BB-A8FD-C5F7235A6853}.Release|Any CPU.ActiveCfg = Release|Any CPU
		{A8227BBB-4880-40BB-A8FD-C5F7235A6853}.Release|Any CPU.Build.0 = Release|Any CPU
	EndGlobalSection
	GlobalSection(SolutionProperties) = preSolution
		HideSolutionNode = FALSE
	EndGlobalSection
	GlobalSection(ExtensibilityGlobals) = postSolution
		SolutionGuid = {0ECCF6A9-FBBB-4458-A166-B45C6C7AFD3A}
	EndGlobalSection
EndGlobal
